
Microsoft Visual Studio Solution File, Format Version 12.00
# Visual Studio Version 17
VisualStudioVersion = 17.0.31912.275
MinimumVisualStudioVersion = 10.0.40219.1
Project("{FAE04EC0-301F-11D3-BF4B-00C04F79EFBC}") = "Grafana_Prometheus", "Grafana_Prometheus\Grafana_Prometheus.csproj", "{EE94D335-37C3-4B53-B358-9B75A94518B9}"
EndProject
Global
	GlobalSection(SolutionConfigurationPlatforms) = preSolution
		Debug|Any CPU = Debug|Any CPU
		Release|Any CPU = Release|Any CPU
	EndGlobalSection
	GlobalSection(ProjectConfigurationPlatforms) = postSolution
		{EE94D335-37C3-4B53-B358-9B75A94518B9}.Debug|Any CPU.ActiveCfg = Debug|Any CPU
		{EE94D335-37C3-4B53-B358-9B75A94518B9}.Debug|Any CPU.Build.0 = Debug|Any CPU
		{EE94D335-37C3-4B53-B358-9B75A94518B9}.Release|Any CPU.ActiveCfg = Release|Any CPU
		{EE94D335-37C3-4B53-B358-9B75A94518B9}.Release|Any CPU.Build.0 = Release|Any CPU
	EndGlobalSection
	GlobalSection(SolutionProperties) = preSolution
		HideSolutionNode = FALSE
	EndGlobalSection
	GlobalSection(ExtensibilityGlobals) = postSolution
		SolutionGuid = {2E3CC9F5-BA39-4608-8480-340409528DC4}
	EndGlobalSection
EndGlobal
